{
  "lockfile_version": "1",
  "packages": {
    "github:NixOS/nixpkgs/nixpkgs-unstable": {
      "resolved": "github:NixOS/nixpkgs/632f04521e847173c54fa72973ec6c39a371211c?lastModified=1739863612&narHash=sha256-UbtgxplOhFcyjBcNbTVO8%2BHUHAl%2FWXFDOb6LvqShiZo%3D"
    },
    "jdk@17": {
      "last_modified": "2025-02-07T11:26:36Z",
      "resolved": "github:NixOS/nixpkgs/d98abf5cf5914e5e4e9d57205e3af55ca90ffc1d#jdk17",
      "source": "devbox-search",
      "version": "17.0.13+11",
      "systems": {
        "aarch64-linux": {
          "outputs": [
            {
              "name": "out",
              "path": "/nix/store/2jrghvz4zwdgg9qfncivb06rkshx3s4d-openjdk-17.0.13+11",
              "default": true
            },
            {
              "name": "debug",
              "path": "/nix/store/brad21zx5v83d6r4hcfabwlld99v0pzj-openjdk-17.0.13+11-debug"
            }
          ],
          "store_path": "/nix/store/2jrghvz4zwdgg9qfncivb06rkshx3s4d-openjdk-17.0.13+11"
        },
        "x86_64-linux": {
          "outputs": [
            {
              "name": "out",
              "path": "/nix/store/s4yq8lydzm9hp3aynl32w8xvdcfgpgzd-openjdk-17.0.13+11",
              "default": true
            },
            {
              "name": "debug",
              "path": "/nix/store/4k4j0qj5vkkixd723gxwwcwx9ahkaqfr-openjdk-17.0.13+11-debug"
            }
          ],
          "store_path": "/nix/store/s4yq8lydzm9hp3aynl32w8xvdcfgpgzd-openjdk-17.0.13+11"
        }
      }
    },
    "nodejs@22": {
      "last_modified": "2025-02-07T11:26:36Z",
      "plugin_version": "0.0.2",
      "resolved": "github:NixOS/nixpkgs/d98abf5cf5914e5e4e9d57205e3af55ca90ffc1d#nodejs_22",
      "source": "devbox-search",
      "version": "22.13.1",
      "systems": {
        "aarch64-darwin": {
          "outputs": [
            {
              "name": "out",
              "path": "/nix/store/iqv9xkigz40p94zi0dgy3g21iybyvpkk-nodejs-22.13.1",
              "default": true
            },
            {
              "name": "libv8",
              "path": "/nix/store/imvfvqlxvwkdacjxln49hii8f3shir90-nodejs-22.13.1-libv8"
            }
          ],
          "store_path": "/nix/store/iqv9xkigz40p94zi0dgy3g21iybyvpkk-nodejs-22.13.1"
        },
        "aarch64-linux": {
          "outputs": [
            {
              "name": "out",
              "path": "/nix/store/77b6bhrkij6qdgl24bb33gpx6l7ijxpx-nodejs-22.13.1",
              "default": true
            },
            {
              "name": "libv8",
              "path": "/nix/store/3ry5lqz1126p39bmr6jc3h6qznbcaiqv-nodejs-22.13.1-libv8"
            }
          ],
          "store_path": "/nix/store/77b6bhrkij6qdgl24bb33gpx6l7ijxpx-nodejs-22.13.1"
        },
        "x86_64-darwin": {
          "outputs": [
            {
              "name": "out",
              "path": "/nix/store/j3mzln68f98vbkhxwb8gi06krwawnyrw-nodejs-22.13.1",
              "default": true
            },
            {
              "name": "libv8",
              "path": "/nix/store/r7h7c7i2qb3c7zrqpnyfj2dk1b1f7qvg-nodejs-22.13.1-libv8"
            }
          ],
          "store_path": "/nix/store/j3mzln68f98vbkhxwb8gi06krwawnyrw-nodejs-22.13.1"
        },
        "x86_64-linux": {
          "outputs": [
            {
              "name": "out",
              "path": "/nix/store/i1jdnip70qb7yh4krlzsgyxs0zdvw7xv-nodejs-22.13.1",
              "default": true
            },
            {
              "name": "libv8",
              "path": "/nix/store/6rnv25jp607ibr9k16paw776drvav77f-nodejs-22.13.1-libv8"
            }
          ],
          "store_path": "/nix/store/i1jdnip70qb7yh4krlzsgyxs0zdvw7xv-nodejs-22.13.1"
        }
      }
    },
    "ruby@3.3": {
      "last_modified": "2025-02-07T11:26:36Z",
      "plugin_version": "0.0.2",
      "resolved": "github:NixOS/nixpkgs/d98abf5cf5914e5e4e9d57205e3af55ca90ffc1d#ruby",
      "source": "devbox-search",
      "version": "3.3.6",
      "systems": {
        "aarch64-darwin": {
          "outputs": [
            {
              "name": "out",
              "path": "/nix/store/yqfrmsgsmw4lr50cahqg7pn2mjv1lyjp-ruby-3.3.6",
              "default": true
            },
            {
              "name": "devdoc",
              "path": "/nix/store/xsbjk66l80b6rhjjvfbraq8v3rx7z3fn-ruby-3.3.6-devdoc"
            }
          ],
          "store_path": "/nix/store/yqfrmsgsmw4lr50cahqg7pn2mjv1lyjp-ruby-3.3.6"
        },
        "aarch64-linux": {
          "outputs": [
            {
              "name": "out",
              "path": "/nix/store/igdc0vm11r7h0ai09p2i0fgyadl326hv-ruby-3.3.6",
              "default": true
            },
            {
              "name": "devdoc",
              "path": "/nix/store/n8dkirqx7vv2dxj5ybmvi0ld9xhklvcr-ruby-3.3.6-devdoc"
            }
          ],
          "store_path": "/nix/store/igdc0vm11r7h0ai09p2i0fgyadl326hv-ruby-3.3.6"
        },
        "x86_64-darwin": {
          "outputs": [
            {
              "name": "out",
              "path": "/nix/store/4cjnzb34nkn7x9d4y5r794c0ra963ym2-ruby-3.3.6",
              "default": true
            },
            {
              "name": "devdoc",
              "path": "/nix/store/m83rym8nwzhcff0rwhfm8frgqb7v8gcg-ruby-3.3.6-devdoc"
            }
          ],
          "store_path": "/nix/store/4cjnzb34nkn7x9d4y5r794c0ra963ym2-ruby-3.3.6"
        },
        "x86_64-linux": {
          "outputs": [
            {
              "name": "out",
              "path": "/nix/store/4v2y8rp37y4cigqa8s2y6gnk5zkmkfdd-ruby-3.3.6",
              "default": true
            },
            {
              "name": "devdoc",
              "path": "/nix/store/xm3nl6pj9jlr8j39hvf99pbajd87k2ny-ruby-3.3.6-devdoc"
            }
          ],
          "store_path": "/nix/store/4v2y8rp37y4cigqa8s2y6gnk5zkmkfdd-ruby-3.3.6"
        }
      }
    }
  }
}
